
Microsoft Visual Studio Solution File, Format Version 12.00
# Visual Studio Version 17
VisualStudioVersion = 17.0.31903.59
MinimumVisualStudioVersion = 10.0.40219.1
Project("{2150E333-8FDC-42A3-9474-1A3956D46DE8}") = "src", "src", "{6C16E0C4-3759-45CF-83AF-4AF5AFD5F0E7}"
EndProject
Project("{FAE04EC0-301F-11D3-BF4B-00C04F79EFBC}") = "auctionservices", "src\auctionservices\auctionservices.csproj", "{79D030B2-664A-455F-82C1-C33F939F051E}"
EndProject
Project("{FAE04EC0-301F-11D3-BF4B-00C04F79EFBC}") = "SearchService", "src\SearchService\SearchService.csproj", "{43D19712-655D-4B53-848C-E490AF6BA58D}"
EndProject
Project("{FAE04EC0-301F-11D3-BF4B-00C04F79EFBC}") = "contracts", "src\contracts\contracts.csproj", "{B560CA87-4E72-43CC-8A32-D7D32EE3D6BE}"
EndProject
Project("{FAE04EC0-301F-11D3-BF4B-00C04F79EFBC}") = "IdentityService", "src\IdentityService\IdentityService.csproj", "{2888D3EF-E6CD-4AEF-8323-F49F75121C98}"
EndProject
Project("{FAE04EC0-301F-11D3-BF4B-00C04F79EFBC}") = "GatewayService", "src\GatewayService\GatewayService.csproj", "{D7558FF8-A7D8-4E87-82F6-F1A0AE9BA9DD}"
EndProject
Project("{FAE04EC0-301F-11D3-BF4B-00C04F79EFBC}") = "Biddingservice-controllers", "src\Biddingservice-controllers\Biddingservice-controllers.csproj", "{E5DEA90D-751D-4CF9-85CE-15BD07EBC48B}"
EndProject
Project("{FAE04EC0-301F-11D3-BF4B-00C04F79EFBC}") = "NotificationService", "src\NotificationService\NotificationService.csproj", "{F88A3026-4CE1-4F2A-BD6B-4B6D22E660A0}"
EndProject
Global
	GlobalSection(SolutionConfigurationPlatforms) = preSolution
		Debug|Any CPU = Debug|Any CPU
		Release|Any CPU = Release|Any CPU
	EndGlobalSection
	GlobalSection(SolutionProperties) = preSolution
		HideSolutionNode = FALSE
	EndGlobalSection
	GlobalSection(ProjectConfigurationPlatforms) = postSolution
		{79D030B2-664A-455F-82C1-C33F939F051E}.Debug|Any CPU.ActiveCfg = Debug|Any CPU
		{79D030B2-664A-455F-82C1-C33F939F051E}.Debug|Any CPU.Build.0 = Debug|Any CPU
		{79D030B2-664A-455F-82C1-C33F939F051E}.Release|Any CPU.ActiveCfg = Release|Any CPU
		{79D030B2-664A-455F-82C1-C33F939F051E}.Release|Any CPU.Build.0 = Release|Any CPU
		{43D19712-655D-4B53-848C-E490AF6BA58D}.Debug|Any CPU.ActiveCfg = Debug|Any CPU
		{43D19712-655D-4B53-848C-E490AF6BA58D}.Debug|Any CPU.Build.0 = Debug|Any CPU
		{43D19712-655D-4B53-848C-E490AF6BA58D}.Release|Any CPU.ActiveCfg = Release|Any CPU
		{43D19712-655D-4B53-848C-E490AF6BA58D}.Release|Any CPU.Build.0 = Release|Any CPU
		{B560CA87-4E72-43CC-8A32-D7D32EE3D6BE}.Debug|Any CPU.ActiveCfg = Debug|Any CPU
		{B560CA87-4E72-43CC-8A32-D7D32EE3D6BE}.Debug|Any CPU.Build.0 = Debug|Any CPU
		{B560CA87-4E72-43CC-8A32-D7D32EE3D6BE}.Release|Any CPU.ActiveCfg = Release|Any CPU
		{B560CA87-4E72-43CC-8A32-D7D32EE3D6BE}.Release|Any CPU.Build.0 = Release|Any CPU
		{2888D3EF-E6CD-4AEF-8323-F49F75121C98}.Debug|Any CPU.ActiveCfg = Debug|Any CPU
		{2888D3EF-E6CD-4AEF-8323-F49F75121C98}.Debug|Any CPU.Build.0 = Debug|Any CPU
		{2888D3EF-E6CD-4AEF-8323-F49F75121C98}.Release|Any CPU.ActiveCfg = Release|Any CPU
		{2888D3EF-E6CD-4AEF-8323-F49F75121C98}.Release|Any CPU.Build.0 = Release|Any CPU
		{D7558FF8-A7D8-4E87-82F6-F1A0AE9BA9DD}.Debug|Any CPU.ActiveCfg = Debug|Any CPU
		{D7558FF8-A7D8-4E87-82F6-F1A0AE9BA9DD}.Debug|Any CPU.Build.0 = Debug|Any CPU
		{D7558FF8-A7D8-4E87-82F6-F1A0AE9BA9DD}.Release|Any CPU.ActiveCfg = Release|Any CPU
		{D7558FF8-A7D8-4E87-82F6-F1A0AE9BA9DD}.Release|Any CPU.Build.0 = Release|Any CPU
		{E5DEA90D-751D-4CF9-85CE-15BD07EBC48B}.Debug|Any CPU.ActiveCfg = Debug|Any CPU
		{E5DEA90D-751D-4CF9-85CE-15BD07EBC48B}.Debug|Any CPU.Build.0 = Debug|Any CPU
		{E5DEA90D-751D-4CF9-85CE-15BD07EBC48B}.Release|Any CPU.ActiveCfg = Release|Any CPU
		{E5DEA90D-751D-4CF9-85CE-15BD07EBC48B}.Release|Any CPU.Build.0 = Release|Any CPU
		{F88A3026-4CE1-4F2A-BD6B-4B6D22E660A0}.Debug|Any CPU.ActiveCfg = Debug|Any CPU
		{F88A3026-4CE1-4F2A-BD6B-4B6D22E660A0}.Debug|Any CPU.Build.0 = Debug|Any CPU
		{F88A3026-4CE1-4F2A-BD6B-4B6D22E660A0}.Release|Any CPU.ActiveCfg = Release|Any CPU
		{F88A3026-4CE1-4F2A-BD6B-4B6D22E660A0}.Release|Any CPU.Build.0 = Release|Any CPU
	EndGlobalSection
	GlobalSection(NestedProjects) = preSolution
		{79D030B2-664A-455F-82C1-C33F939F051E} = {6C16E0C4-3759-45CF-83AF-4AF5AFD5F0E7}
		{43D19712-655D-4B53-848C-E490AF6BA58D} = {6C16E0C4-3759-45CF-83AF-4AF5AFD5F0E7}
		{B560CA87-4E72-43CC-8A32-D7D32EE3D6BE} = {6C16E0C4-3759-45CF-83AF-4AF5AFD5F0E7}
		{2888D3EF-E6CD-4AEF-8323-F49F75121C98} = {6C16E0C4-3759-45CF-83AF-4AF5AFD5F0E7}
		{D7558FF8-A7D8-4E87-82F6-F1A0AE9BA9DD} = {6C16E0C4-3759-45CF-83AF-4AF5AFD5F0E7}
		{E5DEA90D-751D-4CF9-85CE-15BD07EBC48B} = {6C16E0C4-3759-45CF-83AF-4AF5AFD5F0E7}
		{F88A3026-4CE1-4F2A-BD6B-4B6D22E660A0} = {6C16E0C4-3759-45CF-83AF-4AF5AFD5F0E7}
	EndGlobalSection
EndGlobal
